
Microsoft Visual Studio Solution File, Format Version 12.00
# Visual Studio Version 16
VisualStudioVersion = 16.0.29409.12
MinimumVisualStudioVersion = 10.0.40219.1
Project("{FAE04EC0-301F-11D3-BF4B-00C04F79EFBC}") = "ConvertNumberTask", "ConvertNumberTask\ConvertNumberTask.csproj", "{23AECC7F-6DCF-4BA0-8749-6A2310CA94F6}"
EndProject
Global
	GlobalSection(SolutionConfigurationPlatforms) = preSolution
		Debug|Any CPU = Debug|Any CPU
		Release|Any CPU = Release|Any CPU
	EndGlobalSection
	GlobalSection(ProjectConfigurationPlatforms) = postSolution
		{23AECC7F-6DCF-4BA0-8749-6A2310CA94F6}.Debug|Any CPU.ActiveCfg = Debug|Any CPU
		{23AECC7F-6DCF-4BA0-8749-6A2310CA94F6}.Debug|Any CPU.Build.0 = Debug|Any CPU
		{23AECC7F-6DCF-4BA0-8749-6A2310CA94F6}.Release|Any CPU.ActiveCfg = Release|Any CPU
		{23AECC7F-6DCF-4BA0-8749-6A2310CA94F6}.Release|Any CPU.Build.0 = Release|Any CPU
	EndGlobalSection
	GlobalSection(SolutionProperties) = preSolution
		HideSolutionNode = FALSE
	EndGlobalSection
	GlobalSection(ExtensibilityGlobals) = postSolution
		SolutionGuid = {F0B0210A-E7EA-4F89-9B8A-826E361DAB7A}
	EndGlobalSection
EndGlobal
